
Microsoft Visual Studio Solution File, Format Version 12.00
# Visual Studio Version 17
VisualStudioVersion = 17.3.32929.385
MinimumVisualStudioVersion = 10.0.40219.1
Project("{FAE04EC0-301F-11D3-BF4B-00C04F79EFBC}") = "CalculatorWebApiTesting", "CalculatorWebApiTesting\CalculatorWebApiTesting.csproj", "{612A178E-A62B-4294-BBA0-606B937EFCA3}"
EndProject
Project("{FAE04EC0-301F-11D3-BF4B-00C04F79EFBC}") = "CalculatorLogic", "CalculatorLogic\CalculatorLogic.csproj", "{FE6044B6-EEFB-4D7A-9A90-5EF49C5673F0}"
EndProject
Project("{FAE04EC0-301F-11D3-BF4B-00C04F79EFBC}") = "CalculatorTest", "CalculatorTest\CalculatorTest.csproj", "{2898CA02-63D2-4FA1-BD98-3FFE78432E5C}"
EndProject
Global
	GlobalSection(SolutionConfigurationPlatforms) = preSolution
		Debug|Any CPU = Debug|Any CPU
		Release|Any CPU = Release|Any CPU
	EndGlobalSection
	GlobalSection(ProjectConfigurationPlatforms) = postSolution
		{612A178E-A62B-4294-BBA0-606B937EFCA3}.Debug|Any CPU.ActiveCfg = Debug|Any CPU
		{612A178E-A62B-4294-BBA0-606B937EFCA3}.Debug|Any CPU.Build.0 = Debug|Any CPU
		{612A178E-A62B-4294-BBA0-606B937EFCA3}.Release|Any CPU.ActiveCfg = Release|Any CPU
		{612A178E-A62B-4294-BBA0-606B937EFCA3}.Release|Any CPU.Build.0 = Release|Any CPU
		{FE6044B6-EEFB-4D7A-9A90-5EF49C5673F0}.Debug|Any CPU.ActiveCfg = Debug|Any CPU
		{FE6044B6-EEFB-4D7A-9A90-5EF49C5673F0}.Debug|Any CPU.Build.0 = Debug|Any CPU
		{FE6044B6-EEFB-4D7A-9A90-5EF49C5673F0}.Release|Any CPU.ActiveCfg = Release|Any CPU
		{FE6044B6-EEFB-4D7A-9A90-5EF49C5673F0}.Release|Any CPU.Build.0 = Release|Any CPU
		{2898CA02-63D2-4FA1-BD98-3FFE78432E5C}.Debug|Any CPU.ActiveCfg = Debug|Any CPU
		{2898CA02-63D2-4FA1-BD98-3FFE78432E5C}.Debug|Any CPU.Build.0 = Debug|Any CPU
		{2898CA02-63D2-4FA1-BD98-3FFE78432E5C}.Release|Any CPU.ActiveCfg = Release|Any CPU
		{2898CA02-63D2-4FA1-BD98-3FFE78432E5C}.Release|Any CPU.Build.0 = Release|Any CPU
	EndGlobalSection
	GlobalSection(SolutionProperties) = preSolution
		HideSolutionNode = FALSE
	EndGlobalSection
	GlobalSection(ExtensibilityGlobals) = postSolution
		SolutionGuid = {97A4D89B-D7B8-4733-BC97-0B904FABC05A}
	EndGlobalSection
EndGlobal
